
Microsoft Visual Studio Solution File, Format Version 12.00
# Visual Studio Version 16
VisualStudioVersion = 16.0.29403.142
MinimumVisualStudioVersion = 10.0.40219.1
Project("{FAE04EC0-301F-11D3-BF4B-00C04F79EFBC}") = "BugTracker", "BugTracker\BugTracker.csproj", "{36D5114F-D670-4230-9948-44264AD5F23F}"
EndProject
Global
	GlobalSection(SolutionConfigurationPlatforms) = preSolution
		Debug|Any CPU = Debug|Any CPU
		Release|Any CPU = Release|Any CPU
	EndGlobalSection
	GlobalSection(ProjectConfigurationPlatforms) = postSolution
		{36D5114F-D670-4230-9948-44264AD5F23F}.Debug|Any CPU.ActiveCfg = Debug|Any CPU
		{36D5114F-D670-4230-9948-44264AD5F23F}.Debug|Any CPU.Build.0 = Debug|Any CPU
		{36D5114F-D670-4230-9948-44264AD5F23F}.Release|Any CPU.ActiveCfg = Release|Any CPU
		{36D5114F-D670-4230-9948-44264AD5F23F}.Release|Any CPU.Build.0 = Release|Any CPU
	EndGlobalSection
	GlobalSection(SolutionProperties) = preSolution
		HideSolutionNode = FALSE
	EndGlobalSection
	GlobalSection(ExtensibilityGlobals) = postSolution
		SolutionGuid = {44519F41-E1E3-42B8-9E2B-A042DA5D5665}
	EndGlobalSection
EndGlobal
